services:
  nhds.jobs.semaphore.mutex.flock:
    class: NHDS\Jobs\Semaphore\Mutex\Flock
    shared: false
    calls:
      - [setFileMode, ['c']]
      - [setDirectoryMode, ['0777']]
      - [setDirectoryPathPrefix, ['/tmp/']]
      - [setLogger, ['@process.pool.logger']]
  semaphore.mutex.flock:
    alias: nhds.jobs.semaphore.mutex.flock